// !$*UTF8*$!
{
	archiveVersion = 1;
	classes = {
	};
	objectVersion = 50;
	objects = {

/* Begin PBXBuildFile section */
		1B0C9C21227375F900E44CC0 /* AppDelegate.swift in Sources */ = {isa = PBXBuildFile; fileRef = 1B0C9C20227375F900E44CC0 /* AppDelegate.swift */; };
		1B0C9C23227375F900E44CC0 /* EditorViewController.swift in Sources */ = {isa = PBXBuildFile; fileRef = 1B0C9C22227375F900E44CC0 /* EditorViewController.swift */; };
		1B0C9C26227375F900E44CC0 /* Main.storyboard in Resources */ = {isa = PBXBuildFile; fileRef = 1B0C9C24227375F900E44CC0 /* Main.storyboard */; };
		1B0C9C28227375FA00E44CC0 /* Assets.xcassets in Resources */ = {isa = PBXBuildFile; fileRef = 1B0C9C27227375FA00E44CC0 /* Assets.xcassets */; };
		1B0C9C2B227375FA00E44CC0 /* LaunchScreen.storyboard in Resources */ = {isa = PBXBuildFile; fileRef = 1B0C9C29227375FA00E44CC0 /* LaunchScreen.storyboard */; };
		1B0C9C362273765700E44CC0 /* Meme.swift in Sources */ = {isa = PBXBuildFile; fileRef = 1B0C9C352273765700E44CC0 /* Meme.swift */; };
		1B0C9C3822737FA700E44CC0 /* MemeTextFieldDelegate.swift in Sources */ = {isa = PBXBuildFile; fileRef = 1B0C9C3722737FA700E44CC0 /* MemeTextFieldDelegate.swift */; };
		1BD0787B227F77EE004F5C4A /* SentMemesCollectionVC.swift in Sources */ = {isa = PBXBuildFile; fileRef = 1BD0787A227F77EE004F5C4A /* SentMemesCollectionVC.swift */; };
		1BD0787D227F7BC8004F5C4A /* SentMemesTableVC.swift in Sources */ = {isa = PBXBuildFile; fileRef = 1BD0787C227F7BC8004F5C4A /* SentMemesTableVC.swift */; };
		1BD0787F2280BE53004F5C4A /* MemeCollectionViewCell.swift in Sources */ = {isa = PBXBuildFile; fileRef = 1BD0787E2280BE53004F5C4A /* MemeCollectionViewCell.swift */; };
		1BD0788722811123004F5C4A /* DetailViewController.swift in Sources */ = {isa = PBXBuildFile; fileRef = 1BD0788622811123004F5C4A /* DetailViewController.swift */; };
/* End PBXBuildFile section */

/* Begin PBXFileReference section */
		1B0C9C1D227375F900E44CC0 /* MemeMe.app */ = {isa = PBXFileReference; explicitFileType = wrapper.application; includeInIndex = 0; path = MemeMe.app; sourceTree = BUILT_PRODUCTS_DIR; };
		1B0C9C20227375F900E44CC0 /* AppDelegate.swift */ = {isa = PBXFileReference; lastKnownFileType = sourcecode.swift; path = AppDelegate.swift; sourceTree = "<group>"; };
		1B0C9C22227375F900E44CC0 /* EditorViewController.swift */ = {isa = PBXFileReference; lastKnownFileType = sourcecode.swift; path = EditorViewController.swift; sourceTree = "<group>"; };
		1B0C9C25227375F900E44CC0 /* Base */ = {isa = PBXFileReference; lastKnownFileType = file.storyboard; name = Base; path = Base.lproj/Main.storyboard; sourceTree = "<group>"; };
		1B0C9C27227375FA00E44CC0 /* Assets.xcassets */ = {isa = PBXFileReference; lastKnownFileType = folder.assetcatalog; path = Assets.xcassets; sourceTree = "<group>"; };
		1B0C9C2A227375FA00E44CC0 /* Base */ = {isa = PBXFileReference; lastKnownFileType = file.storyboard; name = Base; path = Base.lproj/LaunchScreen.storyboard; sourceTree = "<group>"; };
		1B0C9C2C227375FA00E44CC0 /* Info.plist */ = {isa = PBXFileReference; lastKnownFileType = text.plist.xml; path = Info.plist; sourceTree = "<group>"; };
		1B0C9C352273765700E44CC0 /* Meme.swift */ = {isa = PBXFileReference; lastKnownFileType = sourcecode.swift; path = Meme.swift; sourceTree = "<group>"; };
		1B0C9C3722737FA700E44CC0 /* MemeTextFieldDelegate.swift */ = {isa = PBXFileReference; lastKnownFileType = sourcecode.swift; path = MemeTextFieldDelegate.swift; sourceTree = "<group>"; };
		1BD0787A227F77EE004F5C4A /* SentMemesCollectionVC.swift */ = {isa = PBXFileReference; lastKnownFileType = sourcecode.swift; path = SentMemesCollectionVC.swift; sourceTree = "<group>"; };
		1BD0787C227F7BC8004F5C4A /* SentMemesTableVC.swift */ = {isa = PBXFileReference; lastKnownFileType = sourcecode.swift; name = SentMemesTableVC.swift; path = ../SentMemesTableVC.swift; sourceTree = "<group>"; };
		1BD0787E2280BE53004F5C4A /* MemeCollectionViewCell.swift */ = {isa = PBXFileReference; lastKnownFileType = sourcecode.swift; path = MemeCollectionViewCell.swift; sourceTree = "<group>"; };
		1BD0788622811123004F5C4A /* DetailViewController.swift */ = {isa = PBXFileReference; lastKnownFileType = sourcecode.swift; path = DetailViewController.swift; sourceTree = "<group>"; };
/* End PBXFileReference section */

/* Begin PBXFrameworksBuildPhase section */
		1B0C9C1A227375F900E44CC0 /* Frameworks */ = {
			isa = PBXFrameworksBuildPhase;
			buildActionMask = 2147483647;
			files = (
			);
			runOnlyForDeploymentPostprocessing = 0;
		};
/* End PBXFrameworksBuildPhase section */

/* Begin PBXGroup section */
		1B0C9C14227375F900E44CC0 = {
			isa = PBXGroup;
			children = (
				1B0C9C1F227375F900E44CC0 /* MemeMe */,
				1B0C9C1E227375F900E44CC0 /* Products */,
			);
			sourceTree = "<group>";
		};
		1B0C9C1E227375F900E44CC0 /* Products */ = {
			isa = PBXGroup;
			children = (
				1B0C9C1D227375F900E44CC0 /* MemeMe.app */,
			);
			name = Products;
			sourceTree = "<group>";
		};
		1B0C9C1F227375F900E44CC0 /* MemeMe */ = {
			isa = PBXGroup;
			children = (
				1BD078842280F30F004F5C4A /* Cells */,
				1B0C9C342273763300E44CC0 /* Views */,
				1B0C9C332273762800E44CC0 /* Models */,
				1B0C9C322273761500E44CC0 /* Controllers */,
				1B0C9C20227375F900E44CC0 /* AppDelegate.swift */,
				1B0C9C27227375FA00E44CC0 /* Assets.xcassets */,
				1B0C9C2C227375FA00E44CC0 /* Info.plist */,
			);
			path = MemeMe;
			sourceTree = "<group>";
		};
		1B0C9C322273761500E44CC0 /* Controllers */ = {
			isa = PBXGroup;
			children = (
				1B0C9C22227375F900E44CC0 /* EditorViewController.swift */,
				1B0C9C3722737FA700E44CC0 /* MemeTextFieldDelegate.swift */,
				1BD0787A227F77EE004F5C4A /* SentMemesCollectionVC.swift */,
				1BD0787C227F7BC8004F5C4A /* SentMemesTableVC.swift */,
				1BD0788622811123004F5C4A /* DetailViewController.swift */,
			);
			path = Controllers;
			sourceTree = "<group>";
		};
		1B0C9C332273762800E44CC0 /* Models */ = {
			isa = PBXGroup;
			children = (
				1B0C9C352273765700E44CC0 /* Meme.swift */,
			);
			path = Models;
			sourceTree = "<group>";
		};
		1B0C9C342273763300E44CC0 /* Views */ = {
			isa = PBXGroup;
			children = (
				1B0C9C24227375F900E44CC0 /* Main.storyboard */,
				1B0C9C29227375FA00E44CC0 /* LaunchScreen.storyboard */,
			);
			path = Views;
			sourceTree = "<group>";
		};
		1BD078842280F30F004F5C4A /* Cells */ = {
			isa = PBXGroup;
			children = (
				1BD0787E2280BE53004F5C4A /* MemeCollectionViewCell.swift */,
			);
			path = Cells;
			sourceTree = "<group>";
		};
/* End PBXGroup section */

/* Begin PBXNativeTarget section */
		1B0C9C1C227375F900E44CC0 /* MemeMe */ = {
			isa = PBXNativeTarget;
			buildConfigurationList = 1B0C9C2F227375FA00E44CC0 /* Build configuration list for PBXNativeTarget "MemeMe" */;
			buildPhases = (
				1B0C9C19227375F900E44CC0 /* Sources */,
				1B0C9C1A227375F900E44CC0 /* Frameworks */,
				1B0C9C1B227375F900E44CC0 /* Resources */,
			);
			buildRules = (
			);
			dependencies = (
			);
			name = MemeMe;
			productName = MemeMe;
			productReference = 1B0C9C1D227375F900E44CC0 /* MemeMe.app */;
			productType = "com.apple.product-type.application";
		};
/* End PBXNativeTarget section */

/* Begin PBXProject section */
		1B0C9C15227375F900E44CC0 /* Project object */ = {
			isa = PBXProject;
			attributes = {
				LastSwiftUpdateCheck = 1020;
				LastUpgradeCheck = 1020;
				ORGANIZATIONNAME = "David Lang";
				TargetAttributes = {
					1B0C9C1C227375F900E44CC0 = {
						CreatedOnToolsVersion = 10.2.1;
					};
				};
			};
			buildConfigurationList = 1B0C9C18227375F900E44CC0 /* Build configuration list for PBXProject "MemeMe" */;
			compatibilityVersion = "Xcode 9.3";
			developmentRegion = en;
			hasScannedForEncodings = 0;
			knownRegions = (
				en,
				Base,
			);
			mainGroup = 1B0C9C14227375F900E44CC0;
			productRefGroup = 1B0C9C1E227375F900E44CC0 /* Products */;
			projectDirPath = "";
			projectRoot = "";
			targets = (
				1B0C9C1C227375F900E44CC0 /* MemeMe */,
			);
		};
/* End PBXProject section */

/* Begin PBXResourcesBuildPhase section */
		1B0C9C1B227375F900E44CC0 /* Resources */ = {
			isa = PBXResourcesBuildPhase;
			buildActionMask = 2147483647;
			files = (
				1B0C9C2B227375FA00E44CC0 /* LaunchScreen.storyboard in Resources */,
				1B0C9C28227375FA00E44CC0 /* Assets.xcassets in Resources */,
				1B0C9C26227375F900E44CC0 /* Main.storyboard in Resources */,
			);
			runOnlyForDeploymentPostprocessing = 0;
		};
/* End PBXResourcesBuildPhase section */

/* Begin PBXSourcesBuildPhase section */
		1B0C9C19227375F900E44CC0 /* Sources */ = {
			isa = PBXSourcesBuildPhase;
			buildActionMask = 2147483647;
			files = (
				1B0C9C362273765700E44CC0 /* Meme.swift in Sources */,
				1BD0787D227F7BC8004F5C4A /* SentMemesTableVC.swift in Sources */,
				1B0C9C23227375F900E44CC0 /* EditorViewController.swift in Sources */,
				1B0C9C3822737FA700E44CC0 /* MemeTextFieldDelegate.swift in Sources */,
				1BD0787F2280BE53004F5C4A /* MemeCollectionViewCell.swift in Sources */,
				1BD0788722811123004F5C4A /* DetailViewController.swift in Sources */,
				1B0C9C21227375F900E44CC0 /* AppDelegate.swift in Sources */,
				1BD0787B227F77EE004F5C4A /* SentMemesCollectionVC.swift in Sources */,
			);
			runOnlyForDeploymentPostprocessing = 0;
		};
/* End PBXSourcesBuildPhase section */

/* Begin PBXVariantGroup section */
		1B0C9C24227375F900E44CC0 /* Main.storyboard */ = {
			isa = PBXVariantGroup;
			children = (
				1B0C9C25227375F900E44CC0 /* Base */,
			);
			name = Main.storyboard;
			sourceTree = "<group>";
		};
		1B0C9C29227375FA00E44CC0 /* LaunchScreen.storyboard */ = {
			isa = PBXVariantGroup;
			children = (
				1B0C9C2A227375FA00E44CC0 /* Base */,
			);
			name = LaunchScreen.storyboard;
			sourceTree = "<group>";
		};
/* End PBXVariantGroup section */

/* Begin XCBuildConfiguration section */
		1B0C9C2D227375FA00E44CC0 /* Debug */ = {
			isa = XCBuildConfiguration;
			buildSettings = {
				ALWAYS_SEARCH_USER_PATHS = NO;
				CLANG_ANALYZER_NONNULL = YES;
				CLANG_ANALYZER_NUMBER_OBJECT_CONVERSION = YES_AGGRESSIVE;
				CLANG_CXX_LANGUAGE_STANDARD = "gnu++14";
				CLANG_CXX_LIBRARY = "libc++";
				CLANG_ENABLE_MODULES = YES;
				CLANG_ENABLE_OBJC_ARC = YES;
				CLANG_ENABLE_OBJC_WEAK = YES;
				CLANG_WARN_BLOCK_CAPTURE_AUTORELEASING = YES;
				CLANG_WARN_BOOL_CONVERSION = YES;
				CLANG_WARN_COMMA = YES;
				CLANG_WARN_CONSTANT_CONVERSION = YES;
				CLANG_WARN_DEPRECATED_OBJC_IMPLEMENTATIONS = YES;
				CLANG_WARN_DIRECT_OBJC_ISA_USAGE = YES_ERROR;
				CLANG_WARN_DOCUMENTATION_COMMENTS = YES;
				CLANG_WARN_EMPTY_BODY = YES;
				CLANG_WARN_ENUM_CONVERSION = YES;
				CLANG_WARN_INFINITE_RECURSION = YES;
				CLANG_WARN_INT_CONVERSION = YES;
				CLANG_WARN_NON_LITERAL_NULL_CONVERSION = YES;
				CLANG_WARN_OBJC_IMPLICIT_RETAIN_SELF = YES;
				CLANG_WARN_OBJC_LITERAL_CONVERSION = YES;
				CLANG_WARN_OBJC_ROOT_CLASS = YES_ERROR;
				CLANG_WARN_RANGE_LOOP_ANALYSIS = YES;
				CLANG_WARN_STRICT_PROTOTYPES = YES;
				CLANG_WARN_SUSPICIOUS_MOVE = YES;
				CLANG_WARN_UNGUARDED_AVAILABILITY = YES_AGGRESSIVE;
				CLANG_WARN_UNREACHABLE_CODE = YES;
				CLANG_WARN__DUPLICATE_METHOD_MATCH = YES;
				CODE_SIGN_IDENTITY = "iPhone Developer";
				COPY_PHASE_STRIP = NO;
				DEBUG_INFORMATION_FORMAT = dwarf;
				ENABLE_STRICT_OBJC_MSGSEND = YES;
				ENABLE_TESTABILITY = YES;
				GCC_C_LANGUAGE_STANDARD = gnu11;
				GCC_DYNAMIC_NO_PIC = NO;
				GCC_NO_COMMON_BLOCKS = YES;
				GCC_OPTIMIZATION_LEVEL = 0;
				GCC_PREPROCESSOR_DEFINITIONS = (
					"DEBUG=1",
					"$(inherited)",
				);
				GCC_WARN_64_TO_32_BIT_CONVERSION = YES;
				GCC_WARN_ABOUT_RETURN_TYPE = YES_ERROR;
				GCC_WARN_UNDECLARED_SELECTOR = YES;
				GCC_WARN_UNINITIALIZED_AUTOS = YES_AGGRESSIVE;
				GCC_WARN_UNUSED_FUNCTION = YES;
				GCC_WARN_UNUSED_VARIABLE = YES;
				IPHONEOS_DEPLOYMENT_TARGET = 12.2;
				MTL_ENABLE_DEBUG_INFO = INCLUDE_SOURCE;
				MTL_FAST_MATH = YES;
				ONLY_ACTIVE_ARCH = YES;
				SDKROOT = iphoneos;
				SWIFT_ACTIVE_COMPILATION_CONDITIONS = DEBUG;
				SWIFT_OPTIMIZATION_LEVEL = "-Onone";
			};
			name = Debug;
		};
		1B0C9C2E227375FA00E44CC0 /* Release */ = {
			isa = XCBuildConfiguration;
			buildSettings = {
				ALWAYS_SEARCH_USER_PATHS = NO;
				CLANG_ANALYZER_NONNULL = YES;
				CLANG_ANALYZER_NUMBER_OBJECT_CONVERSION = YES_AGGRESSIVE;
				CLANG_CXX_LANGUAGE_STANDARD = "gnu++14";
				CLANG_CXX_LIBRARY = "libc++";
				CLANG_ENABLE_MODULES = YES;
				CLANG_ENABLE_OBJC_ARC = YES;
				CLANG_ENABLE_OBJC_WEAK = YES;
				CLANG_WARN_BLOCK_CAPTURE_AUTORELEASING = YES;
				CLANG_WARN_BOOL_CONVERSION = YES;
				CLANG_WARN_COMMA = YES;
				CLANG_WARN_CONSTANT_CONVERSION = YES;
				CLANG_WARN_DEPRECATED_OBJC_IMPLEMENTATIONS = YES;
				CLANG_WARN_DIRECT_OBJC_ISA_USAGE = YES_ERROR;
				CLANG_WARN_DOCUMENTATION_COMMENTS = YES;
				CLANG_WARN_EMPTY_BODY = YES;
				CLANG_WARN_ENUM_CONVERSION = YES;
				CLANG_WARN_INFINITE_RECURSION = YES;
				CLANG_WARN_INT_CONVERSION = YES;
				CLANG_WARN_NON_LITERAL_NULL_CONVERSION = YES;
				CLANG_WARN_OBJC_IMPLICIT_RETAIN_SELF = YES;
				CLANG_WARN_OBJC_LITERAL_CONVERSION = YES;
				CLANG_WARN_OBJC_ROOT_CLASS = YES_ERROR;
				CLANG_WARN_RANGE_LOOP_ANALYSIS = YES;
				CLANG_WARN_STRICT_PROTOTYPES = YES;
				CLANG_WARN_SUSPICIOUS_MOVE = YES;
				CLANG_WARN_UNGUARDED_AVAILABILITY = YES_AGGRESSIVE;
				CLANG_WARN_UNREACHABLE_CODE = YES;
				CLANG_WARN__DUPLICATE_METHOD_MATCH = YES;
				CODE_SIGN_IDENTITY = "iPhone Developer";
				COPY_PHASE_STRIP = NO;
				DEBUG_INFORMATION_FORMAT = "dwarf-with-dsym";
				ENABLE_NS_ASSERTIONS = NO;
				ENABLE_STRICT_OBJC_MSGSEND = YES;
				GCC_C_LANGUAGE_STANDARD = gnu11;
				GCC_NO_COMMON_BLOCKS = YES;
				GCC_WARN_64_TO_32_BIT_CONVERSION = YES;
				GCC_WARN_ABOUT_RETURN_TYPE = YES_ERROR;
				GCC_WARN_UNDECLARED_SELECTOR = YES;
				GCC_WARN_UNINITIALIZED_AUTOS = YES_AGGRESSIVE;
				GCC_WARN_UNUSED_FUNCTION = YES;
				GCC_WARN_UNUSED_VARIABLE = YES;
				IPHONEOS_DEPLOYMENT_TARGET = 12.2;
				MTL_ENABLE_DEBUG_INFO = NO;
				MTL_FAST_MATH = YES;
				SDKROOT = iphoneos;
				SWIFT_COMPILATION_MODE = wholemodule;
				SWIFT_OPTIMIZATION_LEVEL = "-O";
				VALIDATE_PRODUCT = YES;
			};
			name = Release;
		};
		1B0C9C30227375FA00E44CC0 /* Debug */ = {
			isa = XCBuildConfiguration;
			buildSettings = {
				ASSETCATALOG_COMPILER_APPICON_NAME = AppIcon;
				CODE_SIGN_STYLE = Automatic;
				DEVELOPMENT_TEAM = 7AR6LWAY36;
				INFOPLIST_FILE = MemeMe/Info.plist;
				LD_RUNPATH_SEARCH_PATHS = (
					"$(inherited)",
					"@executable_path/Frameworks",
				);
				PRODUCT_BUNDLE_IDENTIFIER = com.agilityfittech.MemeMe;
				PRODUCT_NAME = "$(TARGET_NAME)";
				SWIFT_VERSION = 5.0;
				TARGETED_DEVICE_FAMILY = "1,2";
			};
			name = Debug;
		};
		1B0C9C31227375FA00E44CC0 /* Release */ = {
			isa = XCBuildConfiguration;
			buildSettings = {
				ASSETCATALOG_COMPILER_APPICON_NAME = AppIcon;
				CODE_SIGN_STYLE = Automatic;
				DEVELOPMENT_TEAM = 7AR6LWAY36;
				INFOPLIST_FILE = MemeMe/Info.plist;
				LD_RUNPATH_SEARCH_PATHS = (
					"$(inherited)",
					"@executable_path/Frameworks",
				);
				PRODUCT_BUNDLE_IDENTIFIER = com.agilityfittech.MemeMe;
				PRODUCT_NAME = "$(TARGET_NAME)";
				SWIFT_VERSION = 5.0;
				TARGETED_DEVICE_FAMILY = "1,2";
			};
			name = Release;
		};
/* End XCBuildConfiguration section */

/* Begin XCConfigurationList section */
		1B0C9C18227375F900E44CC0 /* Build configuration list for PBXProject "MemeMe" */ = {
			isa = XCConfigurationList;
			buildConfigurations = (
				1B0C9C2D227375FA00E44CC0 /* Debug */,
				1B0C9C2E227375FA00E44CC0 /* Release */,
			);
			defaultConfigurationIsVisible = 0;
			defaultConfigurationName = Release;
		};
		1B0C9C2F227375FA00E44CC0 /* Build configuration list for PBXNativeTarget "MemeMe" */ = {
			isa = XCConfigurationList;
			buildConfigurations = (
				1B0C9C30227375FA00E44CC0 /* Debug */,
				1B0C9C31227375FA00E44CC0 /* Release */,
			);
			defaultConfigurationIsVisible = 0;
			defaultConfigurationName = Release;
		};
/* End XCConfigurationList section */
	};
	rootObject = 1B0C9C15227375F900E44CC0 /* Project object */;
}
